
Microsoft Visual Studio Solution File, Format Version 12.00
# Visual Studio Version 17
VisualStudioVersion = 17.0.31717.71
MinimumVisualStudioVersion = 10.0.40219.1
Project("{FAE04EC0-301F-11D3-BF4B-00C04F79EFBC}") = "RlktDeploy", "RlktDeploy\RlktDeploy.csproj", "{34A4EE47-FC62-4623-8BF4-B0D2077B3802}"
EndProject
Global
	GlobalSection(SolutionConfigurationPlatforms) = preSolution
		Debug|Any CPU = Debug|Any CPU
		Release|Any CPU = Release|Any CPU
	EndGlobalSection
	GlobalSection(ProjectConfigurationPlatforms) = postSolution
		{34A4EE47-FC62-4623-8BF4-B0D2077B3802}.Debug|Any CPU.ActiveCfg = Debug|Any CPU
		{34A4EE47-FC62-4623-8BF4-B0D2077B3802}.Debug|Any CPU.Build.0 = Debug|Any CPU
		{34A4EE47-FC62-4623-8BF4-B0D2077B3802}.Release|Any CPU.ActiveCfg = Release|Any CPU
		{34A4EE47-FC62-4623-8BF4-B0D2077B3802}.Release|Any CPU.Build.0 = Release|Any CPU
	EndGlobalSection
	GlobalSection(SolutionProperties) = preSolution
		HideSolutionNode = FALSE
	EndGlobalSection
	GlobalSection(ExtensibilityGlobals) = postSolution
		SolutionGuid = {36F4BF41-8A8A-419A-8D1A-62A165C94BE5}
	EndGlobalSection
EndGlobal
